
Microsoft Visual Studio Solution File, Format Version 12.00
# Visual Studio Version 17
Project("{8BC9CEB8-8B4A-11D0-8D11-00A0C91BC942}") = "Game", "Game\Game.vcxproj", "{7FA9857C-6BE0-860D-14CD-6C1000E3020F}"
EndProject
Project("{8BC9CEB8-8B4A-11D0-8D11-00A0C91BC942}") = "Shard", "Shard\Shard.vcxitems", "{17A5170E-83B9-3FBF-4C3B-E31EB80E3CF0}"
EndProject
Global
	GlobalSection(SharedMSBuildProjectFiles) = preSolution
	Shard\Shard.vcxitems*{7fa9857c-6be0-860d-14cd-6c1000e3020f}*SharedItemsImports = 4
	Shard\Shard.vcxitems*{17a5170e-83b9-3fbf-4c3b-e31eb80e3cf0}*SharedItemsImports = 9
	EndGlobalSection
	GlobalSection(SolutionConfigurationPlatforms) = preSolution
		Debug|Win32 = Debug|Win32
		Release|Win32 = Release|Win32
	EndGlobalSection
	GlobalSection(ProjectConfigurationPlatforms) = postSolution
		{7FA9857C-6BE0-860D-14CD-6C1000E3020F}.Debug|Win32.ActiveCfg = Debug|Win32
		{7FA9857C-6BE0-860D-14CD-6C1000E3020F}.Debug|Win32.Build.0 = Debug|Win32
		{7FA9857C-6BE0-860D-14CD-6C1000E3020F}.Release|Win32.ActiveCfg = Release|Win32
		{7FA9857C-6BE0-860D-14CD-6C1000E3020F}.Release|Win32.Build.0 = Release|Win32
	EndGlobalSection
	GlobalSection(SolutionProperties) = preSolution
		HideSolutionNode = FALSE
	EndGlobalSection
EndGlobal
