<?xml version="1.0" encoding="utf-8"?>
<Project ToolsVersion="4.0" xmlns="http://schemas.microsoft.com/developer/msbuild/2003">
  <ItemGroup>
    <ClCompile Include="main.cpp" />
    <ClCompile Include="src\PlayerPlane.cpp" />
    <ClCompile Include="src\Bullet.cpp" />
    <ClCompile Include="src\AIPlane.cpp" />
  </ItemGroup>
  <ItemGroup>
    <ClInclude Include="main.h" />
    <ClInclude Include="include\Bullet.h" />
    <ClInclude Include="include\PlayerPlane.h" />
    <ClInclude Include="include\AIPlane.h" />
  </ItemGroup>
</Project>